
Microsoft Visual Studio Solution File, Format Version 12.00
# Visual Studio Version 16
VisualStudioVersion = 16.0.30225.117
MinimumVisualStudioVersion = 10.0.40219.1
Project("{00D1A9C2-B5F0-4AF3-8072-F6C62B433612}") = "StackOverflow", "StackOverflow\StackOverflow.sqlproj", "{B63E6115-B45A-403C-8593-982867782F6C}"
EndProject
Project("{00D1A9C2-B5F0-4AF3-8072-F6C62B433612}") = "DataExposed", "DataExposed\DataExposed.sqlproj", "{C2A3E650-3A9F-49F7-93FE-012D3B90D129}"
EndProject
Global
	GlobalSection(SolutionConfigurationPlatforms) = preSolution
		Debug|Any CPU = Debug|Any CPU
		Release|Any CPU = Release|Any CPU
	EndGlobalSection
	GlobalSection(ProjectConfigurationPlatforms) = postSolution
		{B63E6115-B45A-403C-8593-982867782F6C}.Debug|Any CPU.ActiveCfg = Debug|Any CPU
		{B63E6115-B45A-403C-8593-982867782F6C}.Debug|Any CPU.Build.0 = Debug|Any CPU
		{B63E6115-B45A-403C-8593-982867782F6C}.Debug|Any CPU.Deploy.0 = Debug|Any CPU
		{B63E6115-B45A-403C-8593-982867782F6C}.Release|Any CPU.ActiveCfg = Release|Any CPU
		{B63E6115-B45A-403C-8593-982867782F6C}.Release|Any CPU.Build.0 = Release|Any CPU
		{B63E6115-B45A-403C-8593-982867782F6C}.Release|Any CPU.Deploy.0 = Release|Any CPU
		{C2A3E650-3A9F-49F7-93FE-012D3B90D129}.Debug|Any CPU.ActiveCfg = Debug|Any CPU
		{C2A3E650-3A9F-49F7-93FE-012D3B90D129}.Debug|Any CPU.Build.0 = Debug|Any CPU
		{C2A3E650-3A9F-49F7-93FE-012D3B90D129}.Debug|Any CPU.Deploy.0 = Debug|Any CPU
		{C2A3E650-3A9F-49F7-93FE-012D3B90D129}.Release|Any CPU.ActiveCfg = Release|Any CPU
		{C2A3E650-3A9F-49F7-93FE-012D3B90D129}.Release|Any CPU.Build.0 = Release|Any CPU
		{C2A3E650-3A9F-49F7-93FE-012D3B90D129}.Release|Any CPU.Deploy.0 = Release|Any CPU
	EndGlobalSection
	GlobalSection(SolutionProperties) = preSolution
		HideSolutionNode = FALSE
	EndGlobalSection
	GlobalSection(ExtensibilityGlobals) = postSolution
		SolutionGuid = {DA0B03AB-3CA6-48B2-8953-AE2A67B9D060}
		BuildVersion_StartDate = 2000/1/1
	EndGlobalSection
EndGlobal
