
Microsoft Visual Studio Solution File, Format Version 12.00
# Visual Studio Version 16
VisualStudioVersion = 16.0.30225.117
MinimumVisualStudioVersion = 10.0.40219.1
Project("{2150E333-8FDC-42A3-9474-1A3956D46DE8}") = "Database", "Database", "{B737ED34-EF7F-4D6F-957D-3F8D2231D2ED}"
EndProject
Project("{00D1A9C2-B5F0-4AF3-8072-F6C62B433612}") = "SMDB", "SMDB\SMDB.sqlproj", "{313BF241-3B7A-4F86-9EE9-3BA02B1E4F82}"
EndProject
Project("{2150E333-8FDC-42A3-9474-1A3956D46DE8}") = "Site", "Site", "{EC3D47F3-A45F-47BB-94BF-F8357D0A3D30}"
EndProject
Project("{2150E333-8FDC-42A3-9474-1A3956D46DE8}") = "Library", "Library", "{126230A1-CEC1-4F62-9E42-59F1E39855CA}"
EndProject
Project("{9A19103F-16F7-4668-BE54-9A1E7A4F7556}") = "CommonLibs", "CommonLibs\CommonLibs.csproj", "{3829B7C6-21EC-49D5-B69E-415F88EC0551}"
EndProject
Project("{9A19103F-16F7-4668-BE54-9A1E7A4F7556}") = "DataAccess", "DataAccess\DataAccess.csproj", "{187BC766-0774-421C-885E-4CF3857C2685}"
EndProject
Project("{9A19103F-16F7-4668-BE54-9A1E7A4F7556}") = "MVCSite", "MVCSite\MVCSite.csproj", "{2215E18F-E7D5-4BD6-BA74-3A0E37D31145}"
EndProject
Project("{2150E333-8FDC-42A3-9474-1A3956D46DE8}") = "TaskSchedule", "TaskSchedule", "{B7C80993-BC68-4AA1-BE7C-A1DEDD8392E2}"
	ProjectSection(SolutionItems) = preProject
		TaskSchedule\CallApiHealthCheck.ps1 = TaskSchedule\CallApiHealthCheck.ps1
		TaskSchedule\CreateTask.ps1 = TaskSchedule\CreateTask.ps1
		TaskSchedule\guide.md = TaskSchedule\guide.md
		TaskSchedule\TaskTemplate.xml = TaskSchedule\TaskTemplate.xml
	EndProjectSection
EndProject
Global
	GlobalSection(SolutionConfigurationPlatforms) = preSolution
		Debug|Any CPU = Debug|Any CPU
		Release|Any CPU = Release|Any CPU
	EndGlobalSection
	GlobalSection(ProjectConfigurationPlatforms) = postSolution
		{313BF241-3B7A-4F86-9EE9-3BA02B1E4F82}.Debug|Any CPU.ActiveCfg = Debug|Any CPU
		{313BF241-3B7A-4F86-9EE9-3BA02B1E4F82}.Debug|Any CPU.Build.0 = Debug|Any CPU
		{313BF241-3B7A-4F86-9EE9-3BA02B1E4F82}.Debug|Any CPU.Deploy.0 = Debug|Any CPU
		{313BF241-3B7A-4F86-9EE9-3BA02B1E4F82}.Release|Any CPU.ActiveCfg = Release|Any CPU
		{313BF241-3B7A-4F86-9EE9-3BA02B1E4F82}.Release|Any CPU.Build.0 = Release|Any CPU
		{313BF241-3B7A-4F86-9EE9-3BA02B1E4F82}.Release|Any CPU.Deploy.0 = Release|Any CPU
		{3829B7C6-21EC-49D5-B69E-415F88EC0551}.Debug|Any CPU.ActiveCfg = Debug|Any CPU
		{3829B7C6-21EC-49D5-B69E-415F88EC0551}.Debug|Any CPU.Build.0 = Debug|Any CPU
		{3829B7C6-21EC-49D5-B69E-415F88EC0551}.Release|Any CPU.ActiveCfg = Release|Any CPU
		{3829B7C6-21EC-49D5-B69E-415F88EC0551}.Release|Any CPU.Build.0 = Release|Any CPU
		{187BC766-0774-421C-885E-4CF3857C2685}.Debug|Any CPU.ActiveCfg = Debug|Any CPU
		{187BC766-0774-421C-885E-4CF3857C2685}.Debug|Any CPU.Build.0 = Debug|Any CPU
		{187BC766-0774-421C-885E-4CF3857C2685}.Release|Any CPU.ActiveCfg = Release|Any CPU
		{187BC766-0774-421C-885E-4CF3857C2685}.Release|Any CPU.Build.0 = Release|Any CPU
		{2215E18F-E7D5-4BD6-BA74-3A0E37D31145}.Debug|Any CPU.ActiveCfg = Debug|Any CPU
		{2215E18F-E7D5-4BD6-BA74-3A0E37D31145}.Debug|Any CPU.Build.0 = Debug|Any CPU
		{2215E18F-E7D5-4BD6-BA74-3A0E37D31145}.Release|Any CPU.ActiveCfg = Release|Any CPU
		{2215E18F-E7D5-4BD6-BA74-3A0E37D31145}.Release|Any CPU.Build.0 = Release|Any CPU
	EndGlobalSection
	GlobalSection(SolutionProperties) = preSolution
		HideSolutionNode = FALSE
	EndGlobalSection
	GlobalSection(NestedProjects) = preSolution
		{313BF241-3B7A-4F86-9EE9-3BA02B1E4F82} = {B737ED34-EF7F-4D6F-957D-3F8D2231D2ED}
		{3829B7C6-21EC-49D5-B69E-415F88EC0551} = {126230A1-CEC1-4F62-9E42-59F1E39855CA}
		{187BC766-0774-421C-885E-4CF3857C2685} = {126230A1-CEC1-4F62-9E42-59F1E39855CA}
		{2215E18F-E7D5-4BD6-BA74-3A0E37D31145} = {EC3D47F3-A45F-47BB-94BF-F8357D0A3D30}
	EndGlobalSection
	GlobalSection(ExtensibilityGlobals) = postSolution
		SolutionGuid = {65D55427-E094-4C64-94AE-AFE2B564EDDD}
	EndGlobalSection
EndGlobal
