
Microsoft Visual Studio Solution File, Format Version 12.00
# Visual Studio Version 16
VisualStudioVersion = 16.0.30225.117
MinimumVisualStudioVersion = 10.0.40219.1
Project("{00D1A9C2-B5F0-4AF3-8072-F6C62B433612}") = "DBATools", "DBATools\DBATools.sqlproj", "{6E3043BB-E743-4BE3-8986-C0C42E8F7D7F}"
EndProject
Project("{00D1A9C2-B5F0-4AF3-8072-F6C62B433612}") = "SummaryReportDB", "SummaryReportDB\SummaryReportDB.sqlproj", "{5EB21F52-676E-4B1A-827A-86FA15219D34}"
EndProject
Project("{00D1A9C2-B5F0-4AF3-8072-F6C62B433612}") = "DataWarehouse", "DataWarehouse\DataWarehouse.sqlproj", "{129FD366-688C-4366-AC2E-5D19CC681385}"
EndProject
Global
	GlobalSection(SolutionConfigurationPlatforms) = preSolution
		Debug|Any CPU = Debug|Any CPU
		Release|Any CPU = Release|Any CPU
	EndGlobalSection
	GlobalSection(ProjectConfigurationPlatforms) = postSolution
		{6E3043BB-E743-4BE3-8986-C0C42E8F7D7F}.Debug|Any CPU.ActiveCfg = Debug|Any CPU
		{6E3043BB-E743-4BE3-8986-C0C42E8F7D7F}.Debug|Any CPU.Build.0 = Debug|Any CPU
		{6E3043BB-E743-4BE3-8986-C0C42E8F7D7F}.Debug|Any CPU.Deploy.0 = Debug|Any CPU
		{6E3043BB-E743-4BE3-8986-C0C42E8F7D7F}.Release|Any CPU.ActiveCfg = Release|Any CPU
		{6E3043BB-E743-4BE3-8986-C0C42E8F7D7F}.Release|Any CPU.Build.0 = Release|Any CPU
		{6E3043BB-E743-4BE3-8986-C0C42E8F7D7F}.Release|Any CPU.Deploy.0 = Release|Any CPU
		{5EB21F52-676E-4B1A-827A-86FA15219D34}.Debug|Any CPU.ActiveCfg = Debug|Any CPU
		{5EB21F52-676E-4B1A-827A-86FA15219D34}.Debug|Any CPU.Build.0 = Debug|Any CPU
		{5EB21F52-676E-4B1A-827A-86FA15219D34}.Debug|Any CPU.Deploy.0 = Debug|Any CPU
		{5EB21F52-676E-4B1A-827A-86FA15219D34}.Release|Any CPU.ActiveCfg = Release|Any CPU
		{5EB21F52-676E-4B1A-827A-86FA15219D34}.Release|Any CPU.Build.0 = Release|Any CPU
		{5EB21F52-676E-4B1A-827A-86FA15219D34}.Release|Any CPU.Deploy.0 = Release|Any CPU
		{129FD366-688C-4366-AC2E-5D19CC681385}.Debug|Any CPU.ActiveCfg = Debug|Any CPU
		{129FD366-688C-4366-AC2E-5D19CC681385}.Debug|Any CPU.Build.0 = Debug|Any CPU
		{129FD366-688C-4366-AC2E-5D19CC681385}.Debug|Any CPU.Deploy.0 = Debug|Any CPU
		{129FD366-688C-4366-AC2E-5D19CC681385}.Release|Any CPU.ActiveCfg = Release|Any CPU
		{129FD366-688C-4366-AC2E-5D19CC681385}.Release|Any CPU.Build.0 = Release|Any CPU
		{129FD366-688C-4366-AC2E-5D19CC681385}.Release|Any CPU.Deploy.0 = Release|Any CPU
	EndGlobalSection
	GlobalSection(SolutionProperties) = preSolution
		HideSolutionNode = FALSE
	EndGlobalSection
	GlobalSection(ExtensibilityGlobals) = postSolution
		SolutionGuid = {12ED4E1F-7C68-4185-A175-E24AA2357E72}
	EndGlobalSection
EndGlobal
